{
  "nodes": {
    "nixpkgs": {
      "locked": {
        "lastModified": 1743959350,
        "narHash": "sha256-BYtVADPkXPPIboIUU+YHSKHvoqinoE1/F0pa/FmWpI8=",
        "owner": "NixOS",
        "repo": "nixpkgs",
        "rev": "af1a628c26ac27a31853bd22d8614a2fb29f06a8",
        "type": "github"
      },
      "original": {
        "owner": "NixOS",
        "repo": "nixpkgs",
        "type": "github"
      }
    },
    "root": {
      "inputs": {
        "nixpkgs": "nixpkgs"
      }
    }
  },
  "root": "root",
  "version": 7
}
